
Microsoft Visual Studio Solution File, Format Version 12.00
# Visual Studio Version 17
VisualStudioVersion = 17.13.35806.99
MinimumVisualStudioVersion = 10.0.40219.1
Project("{8BC9CEB8-8B4A-11D0-8D11-00A0C91BC942}") = "OpenGL Setup", "OpenGL Setup\OpenGL Setup.vcxproj", "{8EF23996-12CC-4C6A-9F43-E602687B7AFB}"
EndProject
Project("{8BC9CEB8-8B4A-11D0-8D11-00A0C91BC942}") = "Hello Triangle", "Hello Triangle\Hello Triangle.vcxproj", "{F80E5FBE-3B87-4775-968F-CE099B11029B}"
EndProject
Project("{8BC9CEB8-8B4A-11D0-8D11-00A0C91BC942}") = "Hellow Window", "Hellow Window\Hellow Window.vcxproj", "{4B076CE0-7583-4B25-B4A8-9EB0FFB208CE}"
EndProject
Global
	GlobalSection(SolutionConfigurationPlatforms) = preSolution
		Debug|x64 = Debug|x64
		Debug|x86 = Debug|x86
		Release|x64 = Release|x64
		Release|x86 = Release|x86
	EndGlobalSection
	GlobalSection(ProjectConfigurationPlatforms) = postSolution
		{8EF23996-12CC-4C6A-9F43-E602687B7AFB}.Debug|x64.ActiveCfg = Debug|x64
		{8EF23996-12CC-4C6A-9F43-E602687B7AFB}.Debug|x64.Build.0 = Debug|x64
		{8EF23996-12CC-4C6A-9F43-E602687B7AFB}.Debug|x86.ActiveCfg = Debug|Win32
		{8EF23996-12CC-4C6A-9F43-E602687B7AFB}.Debug|x86.Build.0 = Debug|Win32
		{8EF23996-12CC-4C6A-9F43-E602687B7AFB}.Release|x64.ActiveCfg = Release|x64
		{8EF23996-12CC-4C6A-9F43-E602687B7AFB}.Release|x64.Build.0 = Release|x64
		{8EF23996-12CC-4C6A-9F43-E602687B7AFB}.Release|x86.ActiveCfg = Release|Win32
		{8EF23996-12CC-4C6A-9F43-E602687B7AFB}.Release|x86.Build.0 = Release|Win32
		{F80E5FBE-3B87-4775-968F-CE099B11029B}.Debug|x64.ActiveCfg = Debug|x64
		{F80E5FBE-3B87-4775-968F-CE099B11029B}.Debug|x64.Build.0 = Debug|x64
		{F80E5FBE-3B87-4775-968F-CE099B11029B}.Debug|x86.ActiveCfg = Debug|Win32
		{F80E5FBE-3B87-4775-968F-CE099B11029B}.Debug|x86.Build.0 = Debug|Win32
		{F80E5FBE-3B87-4775-968F-CE099B11029B}.Release|x64.ActiveCfg = Release|x64
		{F80E5FBE-3B87-4775-968F-CE099B11029B}.Release|x64.Build.0 = Release|x64
		{F80E5FBE-3B87-4775-968F-CE099B11029B}.Release|x86.ActiveCfg = Release|Win32
		{F80E5FBE-3B87-4775-968F-CE099B11029B}.Release|x86.Build.0 = Release|Win32
		{4B076CE0-7583-4B25-B4A8-9EB0FFB208CE}.Debug|x64.ActiveCfg = Debug|x64
		{4B076CE0-7583-4B25-B4A8-9EB0FFB208CE}.Debug|x64.Build.0 = Debug|x64
		{4B076CE0-7583-4B25-B4A8-9EB0FFB208CE}.Debug|x86.ActiveCfg = Debug|Win32
		{4B076CE0-7583-4B25-B4A8-9EB0FFB208CE}.Debug|x86.Build.0 = Debug|Win32
		{4B076CE0-7583-4B25-B4A8-9EB0FFB208CE}.Release|x64.ActiveCfg = Release|x64
		{4B076CE0-7583-4B25-B4A8-9EB0FFB208CE}.Release|x64.Build.0 = Release|x64
		{4B076CE0-7583-4B25-B4A8-9EB0FFB208CE}.Release|x86.ActiveCfg = Release|Win32
		{4B076CE0-7583-4B25-B4A8-9EB0FFB208CE}.Release|x86.Build.0 = Release|Win32
	EndGlobalSection
	GlobalSection(SolutionProperties) = preSolution
		HideSolutionNode = FALSE
	EndGlobalSection
	GlobalSection(ExtensibilityGlobals) = postSolution
		SolutionGuid = {305FCDDB-A596-4C51-B0F1-A1EDCA2606CC}
	EndGlobalSection
EndGlobal
